
Microsoft Visual Studio Solution File, Format Version 12.00
# Visual Studio Version 16
VisualStudioVersion = 16.0.32126.315
MinimumVisualStudioVersion = 10.0.40219.1
Project("{FAE04EC0-301F-11D3-BF4B-00C04F79EFBC}") = "WebApplication1", "WebApplication1\WebApplication1.csproj", "{2D7BFCA8-B93A-408E-BC9D-69D59E945463}"
EndProject
Global
	GlobalSection(SolutionConfigurationPlatforms) = preSolution
		Debug|Any CPU = Debug|Any CPU
		Release|Any CPU = Release|Any CPU
	EndGlobalSection
	GlobalSection(ProjectConfigurationPlatforms) = postSolution
		{2D7BFCA8-B93A-408E-BC9D-69D59E945463}.Debug|Any CPU.ActiveCfg = Debug|Any CPU
		{2D7BFCA8-B93A-408E-BC9D-69D59E945463}.Debug|Any CPU.Build.0 = Debug|Any CPU
		{2D7BFCA8-B93A-408E-BC9D-69D59E945463}.Release|Any CPU.ActiveCfg = Release|Any CPU
		{2D7BFCA8-B93A-408E-BC9D-69D59E945463}.Release|Any CPU.Build.0 = Release|Any CPU
	EndGlobalSection
	GlobalSection(SolutionProperties) = preSolution
		HideSolutionNode = FALSE
	EndGlobalSection
	GlobalSection(ExtensibilityGlobals) = postSolution
		SolutionGuid = {E9E0EA2B-9434-416A-AFA8-12EFE5E6186C}
	EndGlobalSection
EndGlobal
