
Microsoft Visual Studio Solution File, Format Version 12.00
# Visual Studio Version 16
VisualStudioVersion = 16.0.32126.315
MinimumVisualStudioVersion = 10.0.40219.1
Project("{9A19103F-16F7-4668-BE54-9A1E7A4F7556}") = "EComm.Server", "EComm\Server\EComm.Server.csproj", "{3FCE7132-236F-4987-9DFA-0C0777779613}"
EndProject
Project("{9A19103F-16F7-4668-BE54-9A1E7A4F7556}") = "EComm.Client", "EComm\Client\EComm.Client.csproj", "{C51AA7BE-1364-4979-ADE6-C5510EA1CDAF}"
EndProject
Project("{9A19103F-16F7-4668-BE54-9A1E7A4F7556}") = "EComm.Shared", "EComm\Shared\EComm.Shared.csproj", "{0FC318C9-BCE3-4DAB-93AA-475D45D5D51E}"
EndProject
Project("{FAE04EC0-301F-11D3-BF4B-00C04F79EFBC}") = "EComm.Tests", "EComm.Tests\EComm.Tests.csproj", "{7263407F-AE1B-4A2B-8B61-FF0F63187D5F}"
EndProject
Global
	GlobalSection(SolutionConfigurationPlatforms) = preSolution
		Debug|Any CPU = Debug|Any CPU
		Release|Any CPU = Release|Any CPU
	EndGlobalSection
	GlobalSection(ProjectConfigurationPlatforms) = postSolution
		{3FCE7132-236F-4987-9DFA-0C0777779613}.Debug|Any CPU.ActiveCfg = Debug|Any CPU
		{3FCE7132-236F-4987-9DFA-0C0777779613}.Debug|Any CPU.Build.0 = Debug|Any CPU
		{3FCE7132-236F-4987-9DFA-0C0777779613}.Release|Any CPU.ActiveCfg = Release|Any CPU
		{3FCE7132-236F-4987-9DFA-0C0777779613}.Release|Any CPU.Build.0 = Release|Any CPU
		{C51AA7BE-1364-4979-ADE6-C5510EA1CDAF}.Debug|Any CPU.ActiveCfg = Debug|Any CPU
		{C51AA7BE-1364-4979-ADE6-C5510EA1CDAF}.Debug|Any CPU.Build.0 = Debug|Any CPU
		{C51AA7BE-1364-4979-ADE6-C5510EA1CDAF}.Release|Any CPU.ActiveCfg = Release|Any CPU
		{C51AA7BE-1364-4979-ADE6-C5510EA1CDAF}.Release|Any CPU.Build.0 = Release|Any CPU
		{0FC318C9-BCE3-4DAB-93AA-475D45D5D51E}.Debug|Any CPU.ActiveCfg = Debug|Any CPU
		{0FC318C9-BCE3-4DAB-93AA-475D45D5D51E}.Debug|Any CPU.Build.0 = Debug|Any CPU
		{0FC318C9-BCE3-4DAB-93AA-475D45D5D51E}.Release|Any CPU.ActiveCfg = Release|Any CPU
		{0FC318C9-BCE3-4DAB-93AA-475D45D5D51E}.Release|Any CPU.Build.0 = Release|Any CPU
		{7263407F-AE1B-4A2B-8B61-FF0F63187D5F}.Debug|Any CPU.ActiveCfg = Debug|Any CPU
		{7263407F-AE1B-4A2B-8B61-FF0F63187D5F}.Debug|Any CPU.Build.0 = Debug|Any CPU
		{7263407F-AE1B-4A2B-8B61-FF0F63187D5F}.Release|Any CPU.ActiveCfg = Release|Any CPU
		{7263407F-AE1B-4A2B-8B61-FF0F63187D5F}.Release|Any CPU.Build.0 = Release|Any CPU
	EndGlobalSection
	GlobalSection(SolutionProperties) = preSolution
		HideSolutionNode = FALSE
	EndGlobalSection
	GlobalSection(ExtensibilityGlobals) = postSolution
		SolutionGuid = {5C323B89-A436-4896-884D-60D387FA43B7}
	EndGlobalSection
EndGlobal
